
Microsoft Visual Studio Solution File, Format Version 12.00
# Visual Studio 15
VisualStudioVersion = 15.0.28307.329
MinimumVisualStudioVersion = 10.0.40219.1
Project("{FAE04EC0-301F-11D3-BF4B-00C04F79EFBC}") = "WebApiDotNetCore", "WebApiDotNetCore\WebApiDotNetCore.csproj", "{C64C722A-6CB6-4AF3-9EC1-DB5388C19DCB}"
EndProject
Global
	GlobalSection(SolutionConfigurationPlatforms) = preSolution
		Debug|Any CPU = Debug|Any CPU
		Release|Any CPU = Release|Any CPU
	EndGlobalSection
	GlobalSection(ProjectConfigurationPlatforms) = postSolution
		{C64C722A-6CB6-4AF3-9EC1-DB5388C19DCB}.Debug|Any CPU.ActiveCfg = Debug|Any CPU
		{C64C722A-6CB6-4AF3-9EC1-DB5388C19DCB}.Debug|Any CPU.Build.0 = Debug|Any CPU
		{C64C722A-6CB6-4AF3-9EC1-DB5388C19DCB}.Release|Any CPU.ActiveCfg = Release|Any CPU
		{C64C722A-6CB6-4AF3-9EC1-DB5388C19DCB}.Release|Any CPU.Build.0 = Release|Any CPU
	EndGlobalSection
	GlobalSection(SolutionProperties) = preSolution
		HideSolutionNode = FALSE
	EndGlobalSection
	GlobalSection(ExtensibilityGlobals) = postSolution
		SolutionGuid = {C640883B-2B85-4D8C-9F7B-CB8E665D7C87}
	EndGlobalSection
EndGlobal
